(setq el-get-lock-package-versions
      '((bm :checksum "dd5dc454c62ceae6432cef6639e08db6ea6a865f")
        (git-gutter-fringe :checksum "16226caab44174301f1659f7bf8cc67a76153445")
        (git-gutter :checksum "00c05264af046b5ce248e5b0bc42f117d9c27a09")
        (el-get-lock :checksum "df8cfe55441695865a64b97946750b6413a40425")
        (open-junk-file :checksum "f87b93ec26e92dc747da43499d0cbf5ab70fd8c2")
        (helm-c-yasnippet :checksum "65ca732b510bfc31636708aebcfe4d2d845b59b0")
        (yasnippet :checksum "cddb8260a0d89cc05577742f0f06938f2317de26")
        (smex :checksum "55aaebe3d793c2c990b39a302eb26c184281c42c")
        (fringe-helper :checksum "ef4a9c023bae18ec1ddd7265f1f2d6d2e775efdd")
        (magit :checksum "5333ac7942bfe4da5ba74dd973461cdcbbc16f5a")
        (with-editor :checksum "8ae3c7aed92842f5988671c1b3350c65c58857e0")
        (emacs-async :checksum "666066d30a420d86801d8380f5991f2b82471107")
        (yaml-mode :checksum "1c3ade410fb0bf5b6f2140b099f0ef96836ee74e")
        (markdown-mode :checksum "df4ac404ce92abdf1a0b78da8ef1675f1cd1f196")
        (cmake-mode :checksum "2205381391a3c02b1e87b6687cd33ffe60794468")
        (matlab-mode :checksum "91bfcb536e3768ebb78579a6e1bcd83db66e0e7f")
        (company-jedi :checksum "2f54e791e10f5dc0ff164bfe97f1878359fab6f6")
        (epc :checksum "76fe6847a341f78c635164c18908a0b691f7212c")
        (ctable :checksum "cd673a09a80ce4e9e102ffe2e3d7e6bfb9d652b0")
        (python-environment :checksum "401006584e32864a10c69d29f14414828909362e")
        (deferred :checksum "9668749635472a63e7a9282e2124325405199b79")
        (emacs-python-environment :checksum "401006584e32864a10c69d29f14414828909362e")
        (helm-gtags :checksum "108e93d0d099ebb7b98847388f368311cf177033")
        (helm-swoop :checksum "6d3fdcfb6dea06242efc8ff4cafff9917e558bfc")
        (helm-ls-git :checksum "7b7b6dc2554603ad98412927f84a803625069ab3")
        (helm-company :checksum "fc912dc36750d719ecdbb12d8ebc0b2fe0cbf8cc")
        (company-mode :checksum "bc2ce4e23ff2a3bd4a8ffa766acc5efb0643a7d1")
        (helm-ag :checksum "2fc02c4ead29bf0db06fd70740cc7c364cb650ac")
        (helm :checksum "7324d7cb7a0c8cfcd8360d3768fc6b3ea982811c")
        (smartparens :checksum "67b1a1dbdfd2285f8a04a50a0fb006978e21727c")
        (avy :checksum "b8d71639158b44a2a700b84cb02fc8518ad7d542")
        (goto-chg :checksum "50e58f9e6bb0b8b8e3a24ed817ff78512a770448")
        (google-this :checksum "6af9dcee88b9637b3bdd1900a907f7ac83113988")
        (wgrep :checksum "4e9f3d9822acab2d353c858d33ddaebb629fbfe8")
        (dash :checksum "98e819e407bbc35478cde30a74be15f077bd6d4b")
        (anzu :checksum "e6c56ca8b23ac433f7be58b6f3f50801dd4164e4")
        (highlight-symbol :checksum "7a789c779648c55b16e43278e51be5898c121b3a")
        (col-highlight :checksum "ac34dad7949be74a1f6f4ef350bc6f7735a03772")
        (vline :checksum "c4f5ea2731d8b89e24eec5e9be98e2652b54bdbc")
        (rainbow-delimiters :checksum "93cd2dc873e7fedca7abc599cd97d46db4376ac7")
        (diminish :checksum "73669b69e5f9a0c9261c5b53624329d0e24d1ed8")
        (replace-colorthemes :checksum "42a79266f1d7b473e9328e67a455e505e6c3eff5")
        (exec-path-from-shell :checksum "9def990ba4c30409a316d5cbf7b02296a394dece")
        (init-loader :checksum "287da99eadfa3dd85492506db43d68324069b593")
        (qml-mode :checksum "7a437b964b3037b191fc32ea01f3a1d367202b46")
        (jedi :checksum "de1f5597b600c0cb7661b5f451da2af4cb722571")
        (auto-complete :checksum "2e83566ddfa758c69afe50b8a1c62a66f47471e3")
        (popup :checksum "80829dd46381754639fb764da11c67235fe63282")
        (fuzzy :checksum "534d723ad2e06322ff8d9bd0ba4863d243f698e7")
        (company-irony :checksum "c51b3997f0a847d971917a4401277bf283250021")
        (irony-mode :checksum "8d6562a5d75ba65c6fbeff50d2eb9127d45dffa9")
        (company-c-headers :checksum "0450f429bd5745e91e984651c932264481953142")
        (c-eldoc :checksum "3baef9b6300370bd8db3ea7636084afcdebc6e85")
        (ag :checksum "754d0fea35059c583b9613c7924cebba74fe1319")
        (s :checksum "fc395c8d5e6c14d5e0920ab80d4d5df007eed14a")))
(setq el-get-lock-locked-packages 'nil)
(setq el-get-lock-unlocked-packages 'nil)
