(setq el-get-lock-package-versions
      '((jedi-core :checksum "b0764f425766786dfb1bff910ed1d1670f11eb9c")
        (helm-git-files :checksum "43193960774069369ac6964bbf7c026900206fa8")
        (helm-bm :checksum "d66341f5646c23178d4d8bffb6cfebe3fb73f1d7")
        (git-messenger :checksum "83815915eb8c1cb47443ff34bca3fecf7d2edf3a")
        (el-get :checksum "07c75d259d89dabb34878d6085a94fb11aef1947")
        (bm :checksum "b1bc10b1e9f01c48a7eedb9b08a22d05e7baed3c")
        (git-gutter-fringe :checksum "16226caab44174301f1659f7bf8cc67a76153445")
        (git-gutter :checksum "00c05264af046b5ce248e5b0bc42f117d9c27a09")
        (el-get-lock :checksum "df8cfe55441695865a64b97946750b6413a40425")
        (open-junk-file :checksum "f87b93ec26e92dc747da43499d0cbf5ab70fd8c2")
        (helm-c-yasnippet :checksum "65ca732b510bfc31636708aebcfe4d2d845b59b0")
        (yasnippet :checksum "89eb7ab64d67e96646576dc0d551e8c23d50438a")
        (smex :checksum "55aaebe3d793c2c990b39a302eb26c184281c42c")
        (fringe-helper :checksum "ef4a9c023bae18ec1ddd7265f1f2d6d2e775efdd")
        (magit :checksum "746f2361ba5e0299f05a7878e530da2c7c8f749b")
        (with-editor :checksum "241726118dee067a8d9880d53c6a781d580ba8a1")
        (emacs-async :checksum "5863eefbcd445f0fe917646f1326a9c86f067865")
        (yaml-mode :checksum "28c34033194130d452d5c958b5241c88d42ca02b")
        (markdown-mode :checksum "2d790a7c72546b96b3fdf57e7b7d6af1663fb721")
        (cmake-mode :checksum "2205381391a3c02b1e87b6687cd33ffe60794468")
        (matlab-mode :checksum "91bfcb536e3768ebb78579a6e1bcd83db66e0e7f")
        (company-jedi :checksum "2f54e791e10f5dc0ff164bfe97f1878359fab6f6")
        (epc :checksum "e1bfa5ca163273859336e3cc89b4b6460f7f8cda")
        (ctable :checksum "cd673a09a80ce4e9e102ffe2e3d7e6bfb9d652b0")
        (python-environment :checksum "401006584e32864a10c69d29f14414828909362e")
        (deferred :checksum "2239671d94b38d92e9b28d4e12fd79814cfb9c16")
        (emacs-python-environment :checksum "401006584e32864a10c69d29f14414828909362e")
        (helm-gtags :checksum "108e93d0d099ebb7b98847388f368311cf177033")
        (helm-swoop :checksum "6d3fdcfb6dea06242efc8ff4cafff9917e558bfc")
        (helm-ls-git :checksum "d116bb96b6ea946f633ed7735fbf38a63e611a3a")
        (helm-company :checksum "fc912dc36750d719ecdbb12d8ebc0b2fe0cbf8cc")
        (company-mode :checksum "c0098afab0719c633ea9984e62a240f542ab8c49")
        (helm-ag :checksum "2fc02c4ead29bf0db06fd70740cc7c364cb650ac")
        (helm :checksum "ca5fba6ea17488eebc49a477c94f48349f3d5304")
        (smartparens :checksum "7d368051dec40e8e129d84bca5070bb7e83ad72a")
        (avy :checksum "245b5d62feb6f276971be53e63311de4a243bfbc")
        (goto-chg :checksum "50e58f9e6bb0b8b8e3a24ed817ff78512a770448")
        (google-this :checksum "8a2e3ca5da6a8c89bfe99a21486c6c7db125dc84")
        (wgrep :checksum "1cdd7c136f1e7565bb13d2df69be3dc77b83698d")
        (dash :checksum "dcb0ec1623517e54551b801846a272dd07fd55b2")
        (anzu :checksum "e6c56ca8b23ac433f7be58b6f3f50801dd4164e4")
        (highlight-symbol :checksum "7a789c779648c55b16e43278e51be5898c121b3a")
        (col-highlight :checksum "ac34dad7949be74a1f6f4ef350bc6f7735a03772")
        (vline :checksum "c4f5ea2731d8b89e24eec5e9be98e2652b54bdbc")
        (rainbow-delimiters :checksum "93cd2dc873e7fedca7abc599cd97d46db4376ac7")
        (diminish :checksum "73669b69e5f9a0c9261c5b53624329d0e24d1ed8")
        (replace-colorthemes :checksum "42a79266f1d7b473e9328e67a455e505e6c3eff5")
        (exec-path-from-shell :checksum "5e355fbc50913d1ffe48bf86df0bcecd8b369ffb")
        (init-loader :checksum "5d3cea1004c11ff96b33020e337b03b925c67c42")
        (qml-mode :checksum "7a437b964b3037b191fc32ea01f3a1d367202b46")
        (jedi :checksum "b0764f425766786dfb1bff910ed1d1670f11eb9c")
        (auto-complete :checksum "2e83566ddfa758c69afe50b8a1c62a66f47471e3")
        (popup :checksum "80829dd46381754639fb764da11c67235fe63282")
        (fuzzy :checksum "534d723ad2e06322ff8d9bd0ba4863d243f698e7")
        (company-irony :checksum "c51b3997f0a847d971917a4401277bf283250021")
        (irony-mode :checksum "8d6562a5d75ba65c6fbeff50d2eb9127d45dffa9")
        (company-c-headers :checksum "0450f429bd5745e91e984651c932264481953142")
        (c-eldoc :checksum "3baef9b6300370bd8db3ea7636084afcdebc6e85")
        (ag :checksum "74d00c48a98211001c844ab4386d00420ccc850a")
        (s :checksum "3a95064647d1f39b90e65a56f1fdfceb7c329f75")))
(setq el-get-lock-locked-packages 'nil)
(setq el-get-lock-unlocked-packages 'nil)
